
Microsoft Visual Studio Solution File, Format Version 12.00
# Visual Studio Version 17
VisualStudioVersion = 17.5.33414.496
MinimumVisualStudioVersion = 10.0.40219.1
Project("{FAE04EC0-301F-11D3-BF4B-00C04F79EFBC}") = "Seminar1", "Seminar1\Seminar1.csproj", "{8D5ECF70-30C6-473E-BC21-50337197C0BE}"
EndProject
Global
	GlobalSection(SolutionConfigurationPlatforms) = preSolution
		Debug|Any CPU = Debug|Any CPU
		Release|Any CPU = Release|Any CPU
	EndGlobalSection
	GlobalSection(ProjectConfigurationPlatforms) = postSolution
		{8D5ECF70-30C6-473E-BC21-50337197C0BE}.Debug|Any CPU.ActiveCfg = Debug|Any CPU
		{8D5ECF70-30C6-473E-BC21-50337197C0BE}.Debug|Any CPU.Build.0 = Debug|Any CPU
		{8D5ECF70-30C6-473E-BC21-50337197C0BE}.Release|Any CPU.ActiveCfg = Release|Any CPU
		{8D5ECF70-30C6-473E-BC21-50337197C0BE}.Release|Any CPU.Build.0 = Release|Any CPU
	EndGlobalSection
	GlobalSection(SolutionProperties) = preSolution
		HideSolutionNode = FALSE
	EndGlobalSection
	GlobalSection(ExtensibilityGlobals) = postSolution
		SolutionGuid = {697D64D6-45F3-4F67-ADA3-7655EDB19334}
	EndGlobalSection
EndGlobal
